
Microsoft Visual Studio Solution File, Format Version 12.00
# Visual Studio Version 17
VisualStudioVersion = 17.5.002.0
MinimumVisualStudioVersion = 10.0.40219.1
Project("{9A19103F-16F7-4668-BE54-9A1E7A4F7556}") = "Exp04-Jagged-Array", "Exp04-Jagged-Array.csproj", "{33335340-19A9-4CF9-85B8-587CF1D3398D}"
EndProject
Global
	GlobalSection(SolutionConfigurationPlatforms) = preSolution
		Debug|Any CPU = Debug|Any CPU
		Release|Any CPU = Release|Any CPU
	EndGlobalSection
	GlobalSection(ProjectConfigurationPlatforms) = postSolution
		{33335340-19A9-4CF9-85B8-587CF1D3398D}.Debug|Any CPU.ActiveCfg = Debug|Any CPU
		{33335340-19A9-4CF9-85B8-587CF1D3398D}.Debug|Any CPU.Build.0 = Debug|Any CPU
		{33335340-19A9-4CF9-85B8-587CF1D3398D}.Release|Any CPU.ActiveCfg = Release|Any CPU
		{33335340-19A9-4CF9-85B8-587CF1D3398D}.Release|Any CPU.Build.0 = Release|Any CPU
	EndGlobalSection
	GlobalSection(SolutionProperties) = preSolution
		HideSolutionNode = FALSE
	EndGlobalSection
	GlobalSection(ExtensibilityGlobals) = postSolution
		SolutionGuid = {6034DB95-76BC-45A1-B8EA-B293D1FEE5D3}
	EndGlobalSection
EndGlobal
